name: Build Windows Flutter App

on:
  push:
    branches: [ main ]
  workflow_dispatch:

jobs:
  build:
    runs-on: windows-latest

    steps:
    - uses: actions/checkout@v4

    - uses: subosito/flutter-action@v2
      with:
        channel: stable

    - run: flutter config --enable-windows-desktop

    - name: Generate Windows folder if missing
      run: |
        if (-not (Test-Path "windows")) {
          flutter create . --platforms=windows
        }
      shell: pwsh

    - run: flutter pub get

    - run: flutter build windows --release

    - name: Upload executable
      uses: actions/upload-artifact@v4
      with:
        name: windows-build
        path: build/windows/runner/Release/
